// !$*UTF8*$!
{
	archiveVersion = 1;
	classes = {
	};
	objectVersion = 48;
	objects = {

/* Begin PBXBuildFile section */
		6A7F567D1FDC39BC004E8DC5 /* AppDelegate.swift in Sources */ = {isa = PBXBuildFile; fileRef = 6A7F567C1FDC39BC004E8DC5 /* AppDelegate.swift */; };
		6A7F567F1FDC39BC004E8DC5 /* ViewController.swift in Sources */ = {isa = PBXBuildFile; fileRef = 6A7F567E1FDC39BC004E8DC5 /* ViewController.swift */; };
		6A7F56821FDC39BC004E8DC5 /* Main.storyboard in Resources */ = {isa = PBXBuildFile; fileRef = 6A7F56801FDC39BC004E8DC5 /* Main.storyboard */; };
		6A7F56841FDC39BC004E8DC5 /* Assets.xcassets in Resources */ = {isa = PBXBuildFile; fileRef = 6A7F56831FDC39BC004E8DC5 /* Assets.xcassets */; };
		6A7F56871FDC39BC004E8DC5 /* LaunchScreen.storyboard in Resources */ = {isa = PBXBuildFile; fileRef = 6A7F56851FDC39BC004E8DC5 /* LaunchScreen.storyboard */; };
		6A7F56911FDC3B90004E8DC5 /* Thing.swift in Sources */ = {isa = PBXBuildFile; fileRef = 6A7F56901FDC3B90004E8DC5 /* Thing.swift */; };
		99FAEEB77A722EEB27CF9A71 /* Pods_TestingRealmSyncCopy.framework in Frameworks */ = {isa = PBXBuildFile; fileRef = DD2A7C5479617B221CF8FBF6 /* Pods_TestingRealmSyncCopy.framework */; };
/* End PBXBuildFile section */

/* Begin PBXFileReference section */
		6A7F56791FDC39BC004E8DC5 /* TestingRealmSyncCopy.app */ = {isa = PBXFileReference; explicitFileType = wrapper.application; includeInIndex = 0; path = TestingRealmSyncCopy.app; sourceTree = BUILT_PRODUCTS_DIR; };
		6A7F567C1FDC39BC004E8DC5 /* AppDelegate.swift */ = {isa = PBXFileReference; lastKnownFileType = sourcecode.swift; path = AppDelegate.swift; sourceTree = "<group>"; };
		6A7F567E1FDC39BC004E8DC5 /* ViewController.swift */ = {isa = PBXFileReference; lastKnownFileType = sourcecode.swift; path = ViewController.swift; sourceTree = "<group>"; };
		6A7F56811FDC39BC004E8DC5 /* Base */ = {isa = PBXFileReference; lastKnownFileType = file.storyboard; name = Base; path = Base.lproj/Main.storyboard; sourceTree = "<group>"; };
		6A7F56831FDC39BC004E8DC5 /* Assets.xcassets */ = {isa = PBXFileReference; lastKnownFileType = folder.assetcatalog; path = Assets.xcassets; sourceTree = "<group>"; };
		6A7F56861FDC39BC004E8DC5 /* Base */ = {isa = PBXFileReference; lastKnownFileType = file.storyboard; name = Base; path = Base.lproj/LaunchScreen.storyboard; sourceTree = "<group>"; };
		6A7F56881FDC39BC004E8DC5 /* Info.plist */ = {isa = PBXFileReference; lastKnownFileType = text.plist.xml; path = Info.plist; sourceTree = "<group>"; };
		6A7F568E1FDC3A0D004E8DC5 /* Podfile */ = {isa = PBXFileReference; fileEncoding = 4; lastKnownFileType = text; path = Podfile; sourceTree = "<group>"; xcLanguageSpecificationIdentifier = xcode.lang.ruby; };
		6A7F56901FDC3B90004E8DC5 /* Thing.swift */ = {isa = PBXFileReference; lastKnownFileType = sourcecode.swift; path = Thing.swift; sourceTree = "<group>"; };
		815025B2C2D6996721032A47 /* Pods-TestingRealmSyncCopy.debug.xcconfig */ = {isa = PBXFileReference; includeInIndex = 1; lastKnownFileType = text.xcconfig; name = "Pods-TestingRealmSyncCopy.debug.xcconfig"; path = "Pods/Target Support Files/Pods-TestingRealmSyncCopy/Pods-TestingRealmSyncCopy.debug.xcconfig"; sourceTree = "<group>"; };
		DD2A7C5479617B221CF8FBF6 /* Pods_TestingRealmSyncCopy.framework */ = {isa = PBXFileReference; explicitFileType = wrapper.framework; includeInIndex = 0; path = Pods_TestingRealmSyncCopy.framework; sourceTree = BUILT_PRODUCTS_DIR; };
		E290E8CF490BCC5276924E24 /* Pods-TestingRealmSyncCopy.release.xcconfig */ = {isa = PBXFileReference; includeInIndex = 1; lastKnownFileType = text.xcconfig; name = "Pods-TestingRealmSyncCopy.release.xcconfig"; path = "Pods/Target Support Files/Pods-TestingRealmSyncCopy/Pods-TestingRealmSyncCopy.release.xcconfig"; sourceTree = "<group>"; };
/* End PBXFileReference section */

/* Begin PBXFrameworksBuildPhase section */
		6A7F56761FDC39BC004E8DC5 /* Frameworks */ = {
			isa = PBXFrameworksBuildPhase;
			buildActionMask = 2147483647;
			files = (
				99FAEEB77A722EEB27CF9A71 /* Pods_TestingRealmSyncCopy.framework in Frameworks */,
			);
			runOnlyForDeploymentPostprocessing = 0;
		};
/* End PBXFrameworksBuildPhase section */

/* Begin PBXGroup section */
		6A7F56701FDC39BB004E8DC5 = {
			isa = PBXGroup;
			children = (
				6A7F568E1FDC3A0D004E8DC5 /* Podfile */,
				6A7F567B1FDC39BC004E8DC5 /* TestingRealmSyncCopy */,
				6A7F567A1FDC39BC004E8DC5 /* Products */,
				6F08C43DD37601089E79CF3B /* Pods */,
				E8813062D5874262D2917291 /* Frameworks */,
			);
			sourceTree = "<group>";
		};
		6A7F567A1FDC39BC004E8DC5 /* Products */ = {
			isa = PBXGroup;
			children = (
				6A7F56791FDC39BC004E8DC5 /* TestingRealmSyncCopy.app */,
			);
			name = Products;
			sourceTree = "<group>";
		};
		6A7F567B1FDC39BC004E8DC5 /* TestingRealmSyncCopy */ = {
			isa = PBXGroup;
			children = (
				6A7F567C1FDC39BC004E8DC5 /* AppDelegate.swift */,
				6A7F567E1FDC39BC004E8DC5 /* ViewController.swift */,
				6A7F56801FDC39BC004E8DC5 /* Main.storyboard */,
				6A7F56831FDC39BC004E8DC5 /* Assets.xcassets */,
				6A7F56851FDC39BC004E8DC5 /* LaunchScreen.storyboard */,
				6A7F56881FDC39BC004E8DC5 /* Info.plist */,
				6A7F56901FDC3B90004E8DC5 /* Thing.swift */,
			);
			path = TestingRealmSyncCopy;
			sourceTree = "<group>";
		};
		6F08C43DD37601089E79CF3B /* Pods */ = {
			isa = PBXGroup;
			children = (
				815025B2C2D6996721032A47 /* Pods-TestingRealmSyncCopy.debug.xcconfig */,
				E290E8CF490BCC5276924E24 /* Pods-TestingRealmSyncCopy.release.xcconfig */,
			);
			name = Pods;
			sourceTree = "<group>";
		};
		E8813062D5874262D2917291 /* Frameworks */ = {
			isa = PBXGroup;
			children = (
				DD2A7C5479617B221CF8FBF6 /* Pods_TestingRealmSyncCopy.framework */,
			);
			name = Frameworks;
			sourceTree = "<group>";
		};
/* End PBXGroup section */

/* Begin PBXNativeTarget section */
		6A7F56781FDC39BC004E8DC5 /* TestingRealmSyncCopy */ = {
			isa = PBXNativeTarget;
			buildConfigurationList = 6A7F568B1FDC39BC004E8DC5 /* Build configuration list for PBXNativeTarget "TestingRealmSyncCopy" */;
			buildPhases = (
				330FB2F0FC3DFBEA71CD5CF7 /* [CP] Check Pods Manifest.lock */,
				6A7F56751FDC39BC004E8DC5 /* Sources */,
				6A7F56761FDC39BC004E8DC5 /* Frameworks */,
				6A7F56771FDC39BC004E8DC5 /* Resources */,
				734579B0DCC2BC888AACC0EF /* [CP] Embed Pods Frameworks */,
				C4AC0F2D26AA388C560B1DDD /* [CP] Copy Pods Resources */,
			);
			buildRules = (
			);
			dependencies = (
			);
			name = TestingRealmSyncCopy;
			productName = TestingRealmSyncCopy;
			productReference = 6A7F56791FDC39BC004E8DC5 /* TestingRealmSyncCopy.app */;
			productType = "com.apple.product-type.application";
		};
/* End PBXNativeTarget section */

/* Begin PBXProject section */
		6A7F56711FDC39BB004E8DC5 /* Project object */ = {
			isa = PBXProject;
			attributes = {
				LastSwiftUpdateCheck = 0920;
				LastUpgradeCheck = 0920;
				ORGANIZATIONNAME = Sevenmind;
				TargetAttributes = {
					6A7F56781FDC39BC004E8DC5 = {
						CreatedOnToolsVersion = 9.2;
						ProvisioningStyle = Automatic;
					};
				};
			};
			buildConfigurationList = 6A7F56741FDC39BB004E8DC5 /* Build configuration list for PBXProject "TestingRealmSyncCopy" */;
			compatibilityVersion = "Xcode 8.0";
			developmentRegion = en;
			hasScannedForEncodings = 0;
			knownRegions = (
				en,
				Base,
			);
			mainGroup = 6A7F56701FDC39BB004E8DC5;
			productRefGroup = 6A7F567A1FDC39BC004E8DC5 /* Products */;
			projectDirPath = "";
			projectRoot = "";
			targets = (
				6A7F56781FDC39BC004E8DC5 /* TestingRealmSyncCopy */,
			);
		};
/* End PBXProject section */

/* Begin PBXResourcesBuildPhase section */
		6A7F56771FDC39BC004E8DC5 /* Resources */ = {
			isa = PBXResourcesBuildPhase;
			buildActionMask = 2147483647;
			files = (
				6A7F56871FDC39BC004E8DC5 /* LaunchScreen.storyboard in Resources */,
				6A7F56841FDC39BC004E8DC5 /* Assets.xcassets in Resources */,
				6A7F56821FDC39BC004E8DC5 /* Main.storyboard in Resources */,
			);
			runOnlyForDeploymentPostprocessing = 0;
		};
/* End PBXResourcesBuildPhase section */

/* Begin PBXShellScriptBuildPhase section */
		330FB2F0FC3DFBEA71CD5CF7 /* [CP] Check Pods Manifest.lock */ = {
			isa = PBXShellScriptBuildPhase;
			buildActionMask = 2147483647;
			files = (
			);
			inputPaths = (
				"${PODS_PODFILE_DIR_PATH}/Podfile.lock",
				"${PODS_ROOT}/Manifest.lock",
			);
			name = "[CP] Check Pods Manifest.lock";
			outputPaths = (
				"$(DERIVED_FILE_DIR)/Pods-TestingRealmSyncCopy-checkManifestLockResult.txt",
			);
			runOnlyForDeploymentPostprocessing = 0;
			shellPath = /bin/sh;
			shellScript = "diff \"${PODS_PODFILE_DIR_PATH}/Podfile.lock\" \"${PODS_ROOT}/Manifest.lock\" > /dev/null\nif [ $? != 0 ] ; then\n    # print error to STDERR\n    echo \"error: The sandbox is not in sync with the Podfile.lock. Run 'pod install' or update your CocoaPods installation.\" >&2\n    exit 1\nfi\n# This output is used by Xcode 'outputs' to avoid re-running this script phase.\necho \"SUCCESS\" > \"${SCRIPT_OUTPUT_FILE_0}\"\n";
			showEnvVarsInLog = 0;
		};
		734579B0DCC2BC888AACC0EF /* [CP] Embed Pods Frameworks */ = {
			isa = PBXShellScriptBuildPhase;
			buildActionMask = 2147483647;
			files = (
			);
			inputPaths = (
				"${SRCROOT}/Pods/Target Support Files/Pods-TestingRealmSyncCopy/Pods-TestingRealmSyncCopy-frameworks.sh",
				"${BUILT_PRODUCTS_DIR}/Realm/Realm.framework",
				"${BUILT_PRODUCTS_DIR}/RealmSwift/RealmSwift.framework",
			);
			name = "[CP] Embed Pods Frameworks";
			outputPaths = (
				"${TARGET_BUILD_DIR}/${FRAMEWORKS_FOLDER_PATH}/Realm.framework",
				"${TARGET_BUILD_DIR}/${FRAMEWORKS_FOLDER_PATH}/RealmSwift.framework",
			);
			runOnlyForDeploymentPostprocessing = 0;
			shellPath = /bin/sh;
			shellScript = "\"${SRCROOT}/Pods/Target Support Files/Pods-TestingRealmSyncCopy/Pods-TestingRealmSyncCopy-frameworks.sh\"\n";
			showEnvVarsInLog = 0;
		};
		C4AC0F2D26AA388C560B1DDD /* [CP] Copy Pods Resources */ = {
			isa = PBXShellScriptBuildPhase;
			buildActionMask = 2147483647;
			files = (
			);
			inputPaths = (
			);
			name = "[CP] Copy Pods Resources";
			outputPaths = (
			);
			runOnlyForDeploymentPostprocessing = 0;
			shellPath = /bin/sh;
			shellScript = "\"${SRCROOT}/Pods/Target Support Files/Pods-TestingRealmSyncCopy/Pods-TestingRealmSyncCopy-resources.sh\"\n";
			showEnvVarsInLog = 0;
		};
/* End PBXShellScriptBuildPhase section */

/* Begin PBXSourcesBuildPhase section */
		6A7F56751FDC39BC004E8DC5 /* Sources */ = {
			isa = PBXSourcesBuildPhase;
			buildActionMask = 2147483647;
			files = (
				6A7F567F1FDC39BC004E8DC5 /* ViewController.swift in Sources */,
				6A7F56911FDC3B90004E8DC5 /* Thing.swift in Sources */,
				6A7F567D1FDC39BC004E8DC5 /* AppDelegate.swift in Sources */,
			);
			runOnlyForDeploymentPostprocessing = 0;
		};
/* End PBXSourcesBuildPhase section */

/* Begin PBXVariantGroup section */
		6A7F56801FDC39BC004E8DC5 /* Main.storyboard */ = {
			isa = PBXVariantGroup;
			children = (
				6A7F56811FDC39BC004E8DC5 /* Base */,
			);
			name = Main.storyboard;
			sourceTree = "<group>";
		};
		6A7F56851FDC39BC004E8DC5 /* LaunchScreen.storyboard */ = {
			isa = PBXVariantGroup;
			children = (
				6A7F56861FDC39BC004E8DC5 /* Base */,
			);
			name = LaunchScreen.storyboard;
			sourceTree = "<group>";
		};
/* End PBXVariantGroup section */

/* Begin XCBuildConfiguration section */
		6A7F56891FDC39BC004E8DC5 /* Debug */ = {
			isa = XCBuildConfiguration;
			buildSettings = {
				ALWAYS_SEARCH_USER_PATHS = NO;
				CLANG_ANALYZER_NONNULL = YES;
				CLANG_ANALYZER_NUMBER_OBJECT_CONVERSION = YES_AGGRESSIVE;
				CLANG_CXX_LANGUAGE_STANDARD = "gnu++14";
				CLANG_CXX_LIBRARY = "libc++";
				CLANG_ENABLE_MODULES = YES;
				CLANG_ENABLE_OBJC_ARC = YES;
				CLANG_WARN_BLOCK_CAPTURE_AUTORELEASING = YES;
				CLANG_WARN_BOOL_CONVERSION = YES;
				CLANG_WARN_COMMA = YES;
				CLANG_WARN_CONSTANT_CONVERSION = YES;
				CLANG_WARN_DIRECT_OBJC_ISA_USAGE = YES_ERROR;
				CLANG_WARN_DOCUMENTATION_COMMENTS = YES;
				CLANG_WARN_EMPTY_BODY = YES;
				CLANG_WARN_ENUM_CONVERSION = YES;
				CLANG_WARN_INFINITE_RECURSION = YES;
				CLANG_WARN_INT_CONVERSION = YES;
				CLANG_WARN_NON_LITERAL_NULL_CONVERSION = YES;
				CLANG_WARN_OBJC_LITERAL_CONVERSION = YES;
				CLANG_WARN_OBJC_ROOT_CLASS = YES_ERROR;
				CLANG_WARN_RANGE_LOOP_ANALYSIS = YES;
				CLANG_WARN_STRICT_PROTOTYPES = YES;
				CLANG_WARN_SUSPICIOUS_MOVE = YES;
				CLANG_WARN_UNGUARDED_AVAILABILITY = YES_AGGRESSIVE;
				CLANG_WARN_UNREACHABLE_CODE = YES;
				CLANG_WARN__DUPLICATE_METHOD_MATCH = YES;
				CODE_SIGN_IDENTITY = "iPhone Developer";
				COPY_PHASE_STRIP = NO;
				DEBUG_INFORMATION_FORMAT = dwarf;
				ENABLE_STRICT_OBJC_MSGSEND = YES;
				ENABLE_TESTABILITY = YES;
				GCC_C_LANGUAGE_STANDARD = gnu11;
				GCC_DYNAMIC_NO_PIC = NO;
				GCC_NO_COMMON_BLOCKS = YES;
				GCC_OPTIMIZATION_LEVEL = 0;
				GCC_PREPROCESSOR_DEFINITIONS = (
					"DEBUG=1",
					"$(inherited)",
				);
				GCC_WARN_64_TO_32_BIT_CONVERSION = YES;
				GCC_WARN_ABOUT_RETURN_TYPE = YES_ERROR;
				GCC_WARN_UNDECLARED_SELECTOR = YES;
				GCC_WARN_UNINITIALIZED_AUTOS = YES_AGGRESSIVE;
				GCC_WARN_UNUSED_FUNCTION = YES;
				GCC_WARN_UNUSED_VARIABLE = YES;
				IPHONEOS_DEPLOYMENT_TARGET = 11.2;
				MTL_ENABLE_DEBUG_INFO = YES;
				ONLY_ACTIVE_ARCH = YES;
				SDKROOT = iphoneos;
				SWIFT_ACTIVE_COMPILATION_CONDITIONS = DEBUG;
				SWIFT_OPTIMIZATION_LEVEL = "-Onone";
			};
			name = Debug;
		};
		6A7F568A1FDC39BC004E8DC5 /* Release */ = {
			isa = XCBuildConfiguration;
			buildSettings = {
				ALWAYS_SEARCH_USER_PATHS = NO;
				CLANG_ANALYZER_NONNULL = YES;
				CLANG_ANALYZER_NUMBER_OBJECT_CONVERSION = YES_AGGRESSIVE;
				CLANG_CXX_LANGUAGE_STANDARD = "gnu++14";
				CLANG_CXX_LIBRARY = "libc++";
				CLANG_ENABLE_MODULES = YES;
				CLANG_ENABLE_OBJC_ARC = YES;
				CLANG_WARN_BLOCK_CAPTURE_AUTORELEASING = YES;
				CLANG_WARN_BOOL_CONVERSION = YES;
				CLANG_WARN_COMMA = YES;
				CLANG_WARN_CONSTANT_CONVERSION = YES;
				CLANG_WARN_DIRECT_OBJC_ISA_USAGE = YES_ERROR;
				CLANG_WARN_DOCUMENTATION_COMMENTS = YES;
				CLANG_WARN_EMPTY_BODY = YES;
				CLANG_WARN_ENUM_CONVERSION = YES;
				CLANG_WARN_INFINITE_RECURSION = YES;
				CLANG_WARN_INT_CONVERSION = YES;
				CLANG_WARN_NON_LITERAL_NULL_CONVERSION = YES;
				CLANG_WARN_OBJC_LITERAL_CONVERSION = YES;
				CLANG_WARN_OBJC_ROOT_CLASS = YES_ERROR;
				CLANG_WARN_RANGE_LOOP_ANALYSIS = YES;
				CLANG_WARN_STRICT_PROTOTYPES = YES;
				CLANG_WARN_SUSPICIOUS_MOVE = YES;
				CLANG_WARN_UNGUARDED_AVAILABILITY = YES_AGGRESSIVE;
				CLANG_WARN_UNREACHABLE_CODE = YES;
				CLANG_WARN__DUPLICATE_METHOD_MATCH = YES;
				CODE_SIGN_IDENTITY = "iPhone Developer";
				COPY_PHASE_STRIP = NO;
				DEBUG_INFORMATION_FORMAT = "dwarf-with-dsym";
				ENABLE_NS_ASSERTIONS = NO;
				ENABLE_STRICT_OBJC_MSGSEND = YES;
				GCC_C_LANGUAGE_STANDARD = gnu11;
				GCC_NO_COMMON_BLOCKS = YES;
				GCC_WARN_64_TO_32_BIT_CONVERSION = YES;
				GCC_WARN_ABOUT_RETURN_TYPE = YES_ERROR;
				GCC_WARN_UNDECLARED_SELECTOR = YES;
				GCC_WARN_UNINITIALIZED_AUTOS = YES_AGGRESSIVE;
				GCC_WARN_UNUSED_FUNCTION = YES;
				GCC_WARN_UNUSED_VARIABLE = YES;
				IPHONEOS_DEPLOYMENT_TARGET = 11.2;
				MTL_ENABLE_DEBUG_INFO = NO;
				SDKROOT = iphoneos;
				SWIFT_OPTIMIZATION_LEVEL = "-Owholemodule";
				VALIDATE_PRODUCT = YES;
			};
			name = Release;
		};
		6A7F568C1FDC39BC004E8DC5 /* Debug */ = {
			isa = XCBuildConfiguration;
			baseConfigurationReference = 815025B2C2D6996721032A47 /* Pods-TestingRealmSyncCopy.debug.xcconfig */;
			buildSettings = {
				ASSETCATALOG_COMPILER_APPICON_NAME = AppIcon;
				CODE_SIGN_STYLE = Automatic;
				DEVELOPMENT_TEAM = 37QAPDY2PR;
				INFOPLIST_FILE = TestingRealmSyncCopy/Info.plist;
				LD_RUNPATH_SEARCH_PATHS = "$(inherited) @executable_path/Frameworks";
				PRODUCT_BUNDLE_IDENTIFIER = com.schuetz.TestingRealmSyncCopy;
				PRODUCT_NAME = "$(TARGET_NAME)";
				SWIFT_VERSION = 4.0;
				TARGETED_DEVICE_FAMILY = "1,2";
			};
			name = Debug;
		};
		6A7F568D1FDC39BC004E8DC5 /* Release */ = {
			isa = XCBuildConfiguration;
			baseConfigurationReference = E290E8CF490BCC5276924E24 /* Pods-TestingRealmSyncCopy.release.xcconfig */;
			buildSettings = {
				ASSETCATALOG_COMPILER_APPICON_NAME = AppIcon;
				CODE_SIGN_STYLE = Automatic;
				DEVELOPMENT_TEAM = 37QAPDY2PR;
				INFOPLIST_FILE = TestingRealmSyncCopy/Info.plist;
				LD_RUNPATH_SEARCH_PATHS = "$(inherited) @executable_path/Frameworks";
				PRODUCT_BUNDLE_IDENTIFIER = com.schuetz.TestingRealmSyncCopy;
				PRODUCT_NAME = "$(TARGET_NAME)";
				SWIFT_VERSION = 4.0;
				TARGETED_DEVICE_FAMILY = "1,2";
			};
			name = Release;
		};
/* End XCBuildConfiguration section */

/* Begin XCConfigurationList section */
		6A7F56741FDC39BB004E8DC5 /* Build configuration list for PBXProject "TestingRealmSyncCopy" */ = {
			isa = XCConfigurationList;
			buildConfigurations = (
				6A7F56891FDC39BC004E8DC5 /* Debug */,
				6A7F568A1FDC39BC004E8DC5 /* Release */,
			);
			defaultConfigurationIsVisible = 0;
			defaultConfigurationName = Release;
		};
		6A7F568B1FDC39BC004E8DC5 /* Build configuration list for PBXNativeTarget "TestingRealmSyncCopy" */ = {
			isa = XCConfigurationList;
			buildConfigurations = (
				6A7F568C1FDC39BC004E8DC5 /* Debug */,
				6A7F568D1FDC39BC004E8DC5 /* Release */,
			);
			defaultConfigurationIsVisible = 0;
			defaultConfigurationName = Release;
		};
/* End XCConfigurationList section */
	};
	rootObject = 6A7F56711FDC39BB004E8DC5 /* Project object */;
}
